// !$*UTF8*$!
{
	archiveVersion = 1;
	classes = {
	};
	objectVersion = 56;
	objects = {

/* Begin PBXBuildFile section */
		1ECE64652BDA310100D26AF7 /* HttpUtility.swift in Sources */ = {isa = PBXBuildFile; fileRef = 1ECE64642BDA310100D26AF7 /* HttpUtility.swift */; };
		1ECE64682BDA324700D26AF7 /* PostResponse.swift in Sources */ = {isa = PBXBuildFile; fileRef = 1ECE64672BDA324700D26AF7 /* PostResponse.swift */; };
		1ECE646B2BDA328B00D26AF7 /* PostResource.swift in Sources */ = {isa = PBXBuildFile; fileRef = 1ECE646A2BDA328B00D26AF7 /* PostResource.swift */; };
		1ECE646E2BDA32D500D26AF7 /* Common.swift in Sources */ = {isa = PBXBuildFile; fileRef = 1ECE646D2BDA32D500D26AF7 /* Common.swift */; };
		1EF008BC2B96E65300FC79B7 /* AppDelegate.swift in Sources */ = {isa = PBXBuildFile; fileRef = 1EF008BB2B96E65300FC79B7 /* AppDelegate.swift */; };
		1EF008BE2B96E65300FC79B7 /* SceneDelegate.swift in Sources */ = {isa = PBXBuildFile; fileRef = 1EF008BD2B96E65300FC79B7 /* SceneDelegate.swift */; };
		1EF008C02B96E65300FC79B7 /* ViewController.swift in Sources */ = {isa = PBXBuildFile; fileRef = 1EF008BF2B96E65300FC79B7 /* ViewController.swift */; };
		1EF008C32B96E65300FC79B7 /* Main.storyboard in Resources */ = {isa = PBXBuildFile; fileRef = 1EF008C12B96E65300FC79B7 /* Main.storyboard */; };
		1EF008C52B96E65400FC79B7 /* Assets.xcassets in Resources */ = {isa = PBXBuildFile; fileRef = 1EF008C42B96E65400FC79B7 /* Assets.xcassets */; };
		1EF008C82B96E65400FC79B7 /* LaunchScreen.storyboard in Resources */ = {isa = PBXBuildFile; fileRef = 1EF008C62B96E65400FC79B7 /* LaunchScreen.storyboard */; };
		1EF008D32B96E65400FC79B7 /* PostAppTests.swift in Sources */ = {isa = PBXBuildFile; fileRef = 1EF008D22B96E65400FC79B7 /* PostAppTests.swift */; };
		1EF008DD2B96E65400FC79B7 /* PostAppUITests.swift in Sources */ = {isa = PBXBuildFile; fileRef = 1EF008DC2B96E65400FC79B7 /* PostAppUITests.swift */; };
		1EF008DF2B96E65400FC79B7 /* PostAppUITestsLaunchTests.swift in Sources */ = {isa = PBXBuildFile; fileRef = 1EF008DE2B96E65400FC79B7 /* PostAppUITestsLaunchTests.swift */; };
		1EF008EC2B96EFDA00FC79B7 /* PostCell.xib in Resources */ = {isa = PBXBuildFile; fileRef = 1EF008EB2B96EFDA00FC79B7 /* PostCell.xib */; };
		1EF008F02B97055C00FC79B7 /* PostCell.swift in Sources */ = {isa = PBXBuildFile; fileRef = 1EF008EF2B97055C00FC79B7 /* PostCell.swift */; };
/* End PBXBuildFile section */

/* Begin PBXContainerItemProxy section */
		1EF008CF2B96E65400FC79B7 /* PBXContainerItemProxy */ = {
			isa = PBXContainerItemProxy;
			containerPortal = 1EF008B02B96E65300FC79B7 /* Project object */;
			proxyType = 1;
			remoteGlobalIDString = 1EF008B72B96E65300FC79B7;
			remoteInfo = PostApp;
		};
		1EF008D92B96E65400FC79B7 /* PBXContainerItemProxy */ = {
			isa = PBXContainerItemProxy;
			containerPortal = 1EF008B02B96E65300FC79B7 /* Project object */;
			proxyType = 1;
			remoteGlobalIDString = 1EF008B72B96E65300FC79B7;
			remoteInfo = PostApp;
		};
/* End PBXContainerItemProxy section */

/* Begin PBXFileReference section */
		1ECE64642BDA310100D26AF7 /* HttpUtility.swift */ = {isa = PBXFileReference; lastKnownFileType = sourcecode.swift; path = HttpUtility.swift; sourceTree = "<group>"; };
		1ECE64672BDA324700D26AF7 /* PostResponse.swift */ = {isa = PBXFileReference; lastKnownFileType = sourcecode.swift; path = PostResponse.swift; sourceTree = "<group>"; };
		1ECE646A2BDA328B00D26AF7 /* PostResource.swift */ = {isa = PBXFileReference; lastKnownFileType = sourcecode.swift; path = PostResource.swift; sourceTree = "<group>"; };
		1ECE646D2BDA32D500D26AF7 /* Common.swift */ = {isa = PBXFileReference; lastKnownFileType = sourcecode.swift; path = Common.swift; sourceTree = "<group>"; };
		1EF008B82B96E65300FC79B7 /* PostApp.app */ = {isa = PBXFileReference; explicitFileType = wrapper.application; includeInIndex = 0; path = PostApp.app; sourceTree = BUILT_PRODUCTS_DIR; };
		1EF008BB2B96E65300FC79B7 /* AppDelegate.swift */ = {isa = PBXFileReference; lastKnownFileType = sourcecode.swift; path = AppDelegate.swift; sourceTree = "<group>"; };
		1EF008BD2B96E65300FC79B7 /* SceneDelegate.swift */ = {isa = PBXFileReference; lastKnownFileType = sourcecode.swift; path = SceneDelegate.swift; sourceTree = "<group>"; };
		1EF008BF2B96E65300FC79B7 /* ViewController.swift */ = {isa = PBXFileReference; lastKnownFileType = sourcecode.swift; path = ViewController.swift; sourceTree = "<group>"; };
		1EF008C22B96E65300FC79B7 /* Base */ = {isa = PBXFileReference; lastKnownFileType = file.storyboard; name = Base; path = Base.lproj/Main.storyboard; sourceTree = "<group>"; };
		1EF008C42B96E65400FC79B7 /* Assets.xcassets */ = {isa = PBXFileReference; lastKnownFileType = folder.assetcatalog; path = Assets.xcassets; sourceTree = "<group>"; };
		1EF008C72B96E65400FC79B7 /* Base */ = {isa = PBXFileReference; lastKnownFileType = file.storyboard; name = Base; path = Base.lproj/LaunchScreen.storyboard; sourceTree = "<group>"; };
		1EF008C92B96E65400FC79B7 /* Info.plist */ = {isa = PBXFileReference; lastKnownFileType = text.plist.xml; path = Info.plist; sourceTree = "<group>"; };
		1EF008CE2B96E65400FC79B7 /* PostAppTests.xctest */ = {isa = PBXFileReference; explicitFileType = wrapper.cfbundle; includeInIndex = 0; path = PostAppTests.xctest; sourceTree = BUILT_PRODUCTS_DIR; };
		1EF008D22B96E65400FC79B7 /* PostAppTests.swift */ = {isa = PBXFileReference; lastKnownFileType = sourcecode.swift; path = PostAppTests.swift; sourceTree = "<group>"; };
		1EF008D82B96E65400FC79B7 /* PostAppUITests.xctest */ = {isa = PBXFileReference; explicitFileType = wrapper.cfbundle; includeInIndex = 0; path = PostAppUITests.xctest; sourceTree = BUILT_PRODUCTS_DIR; };
		1EF008DC2B96E65400FC79B7 /* PostAppUITests.swift */ = {isa = PBXFileReference; lastKnownFileType = sourcecode.swift; path = PostAppUITests.swift; sourceTree = "<group>"; };
		1EF008DE2B96E65400FC79B7 /* PostAppUITestsLaunchTests.swift */ = {isa = PBXFileReference; lastKnownFileType = sourcecode.swift; path = PostAppUITestsLaunchTests.swift; sourceTree = "<group>"; };
		1EF008EB2B96EFDA00FC79B7 /* PostCell.xib */ = {isa = PBXFileReference; lastKnownFileType = file.xib; path = PostCell.xib; sourceTree = "<group>"; };
		1EF008EF2B97055C00FC79B7 /* PostCell.swift */ = {isa = PBXFileReference; lastKnownFileType = sourcecode.swift; path = PostCell.swift; sourceTree = "<group>"; };
/* End PBXFileReference section */

/* Begin PBXFrameworksBuildPhase section */
		1EF008B52B96E65300FC79B7 /* Frameworks */ = {
			isa = PBXFrameworksBuildPhase;
			buildActionMask = 2147483647;
			files = (
			);
			runOnlyForDeploymentPostprocessing = 0;
		};
		1EF008CB2B96E65400FC79B7 /* Frameworks */ = {
			isa = PBXFrameworksBuildPhase;
			buildActionMask = 2147483647;
			files = (
			);
			runOnlyForDeploymentPostprocessing = 0;
		};
		1EF008D52B96E65400FC79B7 /* Frameworks */ = {
			isa = PBXFrameworksBuildPhase;
			buildActionMask = 2147483647;
			files = (
			);
			runOnlyForDeploymentPostprocessing = 0;
		};
/* End PBXFrameworksBuildPhase section */

/* Begin PBXGroup section */
		1ECE64632BDA30EF00D26AF7 /* Utility */ = {
			isa = PBXGroup;
			children = (
				1ECE64642BDA310100D26AF7 /* HttpUtility.swift */,
			);
			path = Utility;
			sourceTree = "<group>";
		};
		1ECE64662BDA322000D26AF7 /* Model */ = {
			isa = PBXGroup;
			children = (
				1ECE64672BDA324700D26AF7 /* PostResponse.swift */,
			);
			path = Model;
			sourceTree = "<group>";
		};
		1ECE64692BDA327500D26AF7 /* Resource */ = {
			isa = PBXGroup;
			children = (
				1ECE646A2BDA328B00D26AF7 /* PostResource.swift */,
			);
			path = Resource;
			sourceTree = "<group>";
		};
		1ECE646C2BDA32C700D26AF7 /* Constants */ = {
			isa = PBXGroup;
			children = (
				1ECE646D2BDA32D500D26AF7 /* Common.swift */,
			);
			path = Constants;
			sourceTree = "<group>";
		};
		1ECE646F2BDA3E4700D26AF7 /* Common */ = {
			isa = PBXGroup;
			children = (
				1EF008BB2B96E65300FC79B7 /* AppDelegate.swift */,
				1EF008BD2B96E65300FC79B7 /* SceneDelegate.swift */,
			);
			path = Common;
			sourceTree = "<group>";
		};
		1ECE64702BDA3E5700D26AF7 /* Post */ = {
			isa = PBXGroup;
			children = (
				1EF008EF2B97055C00FC79B7 /* PostCell.swift */,
			);
			path = Post;
			sourceTree = "<group>";
		};
		1ECE64712BDA3E7300D26AF7 /* View */ = {
			isa = PBXGroup;
			children = (
				1EF008C12B96E65300FC79B7 /* Main.storyboard */,
				1EF008EB2B96EFDA00FC79B7 /* PostCell.xib */,
			);
			path = View;
			sourceTree = "<group>";
		};
		1EF008AF2B96E65300FC79B7 = {
			isa = PBXGroup;
			children = (
				1EF008BA2B96E65300FC79B7 /* PostApp */,
				1EF008D12B96E65400FC79B7 /* PostAppTests */,
				1EF008DB2B96E65400FC79B7 /* PostAppUITests */,
				1EF008B92B96E65300FC79B7 /* Products */,
			);
			sourceTree = "<group>";
		};
		1EF008B92B96E65300FC79B7 /* Products */ = {
			isa = PBXGroup;
			children = (
				1EF008B82B96E65300FC79B7 /* PostApp.app */,
				1EF008CE2B96E65400FC79B7 /* PostAppTests.xctest */,
				1EF008D82B96E65400FC79B7 /* PostAppUITests.xctest */,
			);
			name = Products;
			sourceTree = "<group>";
		};
		1EF008BA2B96E65300FC79B7 /* PostApp */ = {
			isa = PBXGroup;
			children = (
				1ECE64712BDA3E7300D26AF7 /* View */,
				1ECE64702BDA3E5700D26AF7 /* Post */,
				1ECE646F2BDA3E4700D26AF7 /* Common */,
				1ECE646C2BDA32C700D26AF7 /* Constants */,
				1ECE64692BDA327500D26AF7 /* Resource */,
				1ECE64662BDA322000D26AF7 /* Model */,
				1ECE64632BDA30EF00D26AF7 /* Utility */,
				1EF008BF2B96E65300FC79B7 /* ViewController.swift */,
				1EF008C42B96E65400FC79B7 /* Assets.xcassets */,
				1EF008C62B96E65400FC79B7 /* LaunchScreen.storyboard */,
				1EF008C92B96E65400FC79B7 /* Info.plist */,
			);
			path = PostApp;
			sourceTree = "<group>";
		};
		1EF008D12B96E65400FC79B7 /* PostAppTests */ = {
			isa = PBXGroup;
			children = (
				1EF008D22B96E65400FC79B7 /* PostAppTests.swift */,
			);
			path = PostAppTests;
			sourceTree = "<group>";
		};
		1EF008DB2B96E65400FC79B7 /* PostAppUITests */ = {
			isa = PBXGroup;
			children = (
				1EF008DC2B96E65400FC79B7 /* PostAppUITests.swift */,
				1EF008DE2B96E65400FC79B7 /* PostAppUITestsLaunchTests.swift */,
			);
			path = PostAppUITests;
			sourceTree = "<group>";
		};
/* End PBXGroup section */

/* Begin PBXNativeTarget section */
		1EF008B72B96E65300FC79B7 /* PostApp */ = {
			isa = PBXNativeTarget;
			buildConfigurationList = 1EF008E22B96E65400FC79B7 /* Build configuration list for PBXNativeTarget "PostApp" */;
			buildPhases = (
				1EF008B42B96E65300FC79B7 /* Sources */,
				1EF008B52B96E65300FC79B7 /* Frameworks */,
				1EF008B62B96E65300FC79B7 /* Resources */,
			);
			buildRules = (
			);
			dependencies = (
			);
			name = PostApp;
			productName = PostApp;
			productReference = 1EF008B82B96E65300FC79B7 /* PostApp.app */;
			productType = "com.apple.product-type.application";
		};
		1EF008CD2B96E65400FC79B7 /* PostAppTests */ = {
			isa = PBXNativeTarget;
			buildConfigurationList = 1EF008E52B96E65400FC79B7 /* Build configuration list for PBXNativeTarget "PostAppTests" */;
			buildPhases = (
				1EF008CA2B96E65400FC79B7 /* Sources */,
				1EF008CB2B96E65400FC79B7 /* Frameworks */,
				1EF008CC2B96E65400FC79B7 /* Resources */,
			);
			buildRules = (
			);
			dependencies = (
				1EF008D02B96E65400FC79B7 /* PBXTargetDependency */,
			);
			name = PostAppTests;
			productName = PostAppTests;
			productReference = 1EF008CE2B96E65400FC79B7 /* PostAppTests.xctest */;
			productType = "com.apple.product-type.bundle.unit-test";
		};
		1EF008D72B96E65400FC79B7 /* PostAppUITests */ = {
			isa = PBXNativeTarget;
			buildConfigurationList = 1EF008E82B96E65400FC79B7 /* Build configuration list for PBXNativeTarget "PostAppUITests" */;
			buildPhases = (
				1EF008D42B96E65400FC79B7 /* Sources */,
				1EF008D52B96E65400FC79B7 /* Frameworks */,
				1EF008D62B96E65400FC79B7 /* Resources */,
			);
			buildRules = (
			);
			dependencies = (
				1EF008DA2B96E65400FC79B7 /* PBXTargetDependency */,
			);
			name = PostAppUITests;
			productName = PostAppUITests;
			productReference = 1EF008D82B96E65400FC79B7 /* PostAppUITests.xctest */;
			productType = "com.apple.product-type.bundle.ui-testing";
		};
/* End PBXNativeTarget section */

/* Begin PBXProject section */
		1EF008B02B96E65300FC79B7 /* Project object */ = {
			isa = PBXProject;
			attributes = {
				BuildIndependentTargetsInParallel = 1;
				LastSwiftUpdateCheck = 1520;
				LastUpgradeCheck = 1520;
				TargetAttributes = {
					1EF008B72B96E65300FC79B7 = {
						CreatedOnToolsVersion = 15.2;
					};
					1EF008CD2B96E65400FC79B7 = {
						CreatedOnToolsVersion = 15.2;
						TestTargetID = 1EF008B72B96E65300FC79B7;
					};
					1EF008D72B96E65400FC79B7 = {
						CreatedOnToolsVersion = 15.2;
						TestTargetID = 1EF008B72B96E65300FC79B7;
					};
				};
			};
			buildConfigurationList = 1EF008B32B96E65300FC79B7 /* Build configuration list for PBXProject "PostApp" */;
			compatibilityVersion = "Xcode 14.0";
			developmentRegion = en;
			hasScannedForEncodings = 0;
			knownRegions = (
				en,
				Base,
			);
			mainGroup = 1EF008AF2B96E65300FC79B7;
			productRefGroup = 1EF008B92B96E65300FC79B7 /* Products */;
			projectDirPath = "";
			projectRoot = "";
			targets = (
				1EF008B72B96E65300FC79B7 /* PostApp */,
				1EF008CD2B96E65400FC79B7 /* PostAppTests */,
				1EF008D72B96E65400FC79B7 /* PostAppUITests */,
			);
		};
/* End PBXProject section */

/* Begin PBXResourcesBuildPhase section */
		1EF008B62B96E65300FC79B7 /* Resources */ = {
			isa = PBXResourcesBuildPhase;
			buildActionMask = 2147483647;
			files = (
				1EF008C82B96E65400FC79B7 /* LaunchScreen.storyboard in Resources */,
				1EF008C52B96E65400FC79B7 /* Assets.xcassets in Resources */,
				1EF008EC2B96EFDA00FC79B7 /* PostCell.xib in Resources */,
				1EF008C32B96E65300FC79B7 /* Main.storyboard in Resources */,
			);
			runOnlyForDeploymentPostprocessing = 0;
		};
		1EF008CC2B96E65400FC79B7 /* Resources */ = {
			isa = PBXResourcesBuildPhase;
			buildActionMask = 2147483647;
			files = (
			);
			runOnlyForDeploymentPostprocessing = 0;
		};
		1EF008D62B96E65400FC79B7 /* Resources */ = {
			isa = PBXResourcesBuildPhase;
			buildActionMask = 2147483647;
			files = (
			);
			runOnlyForDeploymentPostprocessing = 0;
		};
/* End PBXResourcesBuildPhase section */

/* Begin PBXSourcesBuildPhase section */
		1EF008B42B96E65300FC79B7 /* Sources */ = {
			isa = PBXSourcesBuildPhase;
			buildActionMask = 2147483647;
			files = (
				1ECE646E2BDA32D500D26AF7 /* Common.swift in Sources */,
				1ECE64652BDA310100D26AF7 /* HttpUtility.swift in Sources */,
				1EF008C02B96E65300FC79B7 /* ViewController.swift in Sources */,
				1EF008BC2B96E65300FC79B7 /* AppDelegate.swift in Sources */,
				1EF008BE2B96E65300FC79B7 /* SceneDelegate.swift in Sources */,
				1ECE646B2BDA328B00D26AF7 /* PostResource.swift in Sources */,
				1ECE64682BDA324700D26AF7 /* PostResponse.swift in Sources */,
				1EF008F02B97055C00FC79B7 /* PostCell.swift in Sources */,
			);
			runOnlyForDeploymentPostprocessing = 0;
		};
		1EF008CA2B96E65400FC79B7 /* Sources */ = {
			isa = PBXSourcesBuildPhase;
			buildActionMask = 2147483647;
			files = (
				1EF008D32B96E65400FC79B7 /* PostAppTests.swift in Sources */,
			);
			runOnlyForDeploymentPostprocessing = 0;
		};
		1EF008D42B96E65400FC79B7 /* Sources */ = {
			isa = PBXSourcesBuildPhase;
			buildActionMask = 2147483647;
			files = (
				1EF008DF2B96E65400FC79B7 /* PostAppUITestsLaunchTests.swift in Sources */,
				1EF008DD2B96E65400FC79B7 /* PostAppUITests.swift in Sources */,
			);
			runOnlyForDeploymentPostprocessing = 0;
		};
/* End PBXSourcesBuildPhase section */

/* Begin PBXTargetDependency section */
		1EF008D02B96E65400FC79B7 /* PBXTargetDependency */ = {
			isa = PBXTargetDependency;
			target = 1EF008B72B96E65300FC79B7 /* PostApp */;
			targetProxy = 1EF008CF2B96E65400FC79B7 /* PBXContainerItemProxy */;
		};
		1EF008DA2B96E65400FC79B7 /* PBXTargetDependency */ = {
			isa = PBXTargetDependency;
			target = 1EF008B72B96E65300FC79B7 /* PostApp */;
			targetProxy = 1EF008D92B96E65400FC79B7 /* PBXContainerItemProxy */;
		};
/* End PBXTargetDependency section */

/* Begin PBXVariantGroup section */
		1EF008C12B96E65300FC79B7 /* Main.storyboard */ = {
			isa = PBXVariantGroup;
			children = (
				1EF008C22B96E65300FC79B7 /* Base */,
			);
			name = Main.storyboard;
			sourceTree = "<group>";
		};
		1EF008C62B96E65400FC79B7 /* LaunchScreen.storyboard */ = {
			isa = PBXVariantGroup;
			children = (
				1EF008C72B96E65400FC79B7 /* Base */,
			);
			name = LaunchScreen.storyboard;
			sourceTree = "<group>";
		};
/* End PBXVariantGroup section */

/* Begin XCBuildConfiguration section */
		1EF008E02B96E65400FC79B7 /* Debug */ = {
			isa = XCBuildConfiguration;
			buildSettings = {
				ALWAYS_SEARCH_USER_PATHS = NO;
				ASSETCATALOG_COMPILER_GENERATE_SWIFT_ASSET_SYMBOL_EXTENSIONS = YES;
				CLANG_ANALYZER_NONNULL = YES;
				CLANG_ANALYZER_NUMBER_OBJECT_CONVERSION = YES_AGGRESSIVE;
				CLANG_CXX_LANGUAGE_STANDARD = "gnu++20";
				CLANG_ENABLE_MODULES = YES;
				CLANG_ENABLE_OBJC_ARC = YES;
				CLANG_ENABLE_OBJC_WEAK = YES;
				CLANG_WARN_BLOCK_CAPTURE_AUTORELEASING = YES;
				CLANG_WARN_BOOL_CONVERSION = YES;
				CLANG_WARN_COMMA = YES;
				CLANG_WARN_CONSTANT_CONVERSION = YES;
				CLANG_WARN_DEPRECATED_OBJC_IMPLEMENTATIONS = YES;
				CLANG_WARN_DIRECT_OBJC_ISA_USAGE = YES_ERROR;
				CLANG_WARN_DOCUMENTATION_COMMENTS = YES;
				CLANG_WARN_EMPTY_BODY = YES;
				CLANG_WARN_ENUM_CONVERSION = YES;
				CLANG_WARN_INFINITE_RECURSION = YES;
				CLANG_WARN_INT_CONVERSION = YES;
				CLANG_WARN_NON_LITERAL_NULL_CONVERSION = YES;
				CLANG_WARN_OBJC_IMPLICIT_RETAIN_SELF = YES;
				CLANG_WARN_OBJC_LITERAL_CONVERSION = YES;
				CLANG_WARN_OBJC_ROOT_CLASS = YES_ERROR;
				CLANG_WARN_QUOTED_INCLUDE_IN_FRAMEWORK_HEADER = YES;
				CLANG_WARN_RANGE_LOOP_ANALYSIS = YES;
				CLANG_WARN_STRICT_PROTOTYPES = YES;
				CLANG_WARN_SUSPICIOUS_MOVE = YES;
				CLANG_WARN_UNGUARDED_AVAILABILITY = YES_AGGRESSIVE;
				CLANG_WARN_UNREACHABLE_CODE = YES;
				CLANG_WARN__DUPLICATE_METHOD_MATCH = YES;
				COPY_PHASE_STRIP = NO;
				DEBUG_INFORMATION_FORMAT = dwarf;
				ENABLE_STRICT_OBJC_MSGSEND = YES;
				ENABLE_TESTABILITY = YES;
				ENABLE_USER_SCRIPT_SANDBOXING = YES;
				GCC_C_LANGUAGE_STANDARD = gnu17;
				GCC_DYNAMIC_NO_PIC = NO;
				GCC_NO_COMMON_BLOCKS = YES;
				GCC_OPTIMIZATION_LEVEL = 0;
				GCC_PREPROCESSOR_DEFINITIONS = (
					"DEBUG=1",
					"$(inherited)",
				);
				GCC_WARN_64_TO_32_BIT_CONVERSION = YES;
				GCC_WARN_ABOUT_RETURN_TYPE = YES_ERROR;
				GCC_WARN_UNDECLARED_SELECTOR = YES;
				GCC_WARN_UNINITIALIZED_AUTOS = YES_AGGRESSIVE;
				GCC_WARN_UNUSED_FUNCTION = YES;
				GCC_WARN_UNUSED_VARIABLE = YES;
				IPHONEOS_DEPLOYMENT_TARGET = 17.2;
				LOCALIZATION_PREFERS_STRING_CATALOGS = YES;
				MTL_ENABLE_DEBUG_INFO = INCLUDE_SOURCE;
				MTL_FAST_MATH = YES;
				ONLY_ACTIVE_ARCH = YES;
				SDKROOT = iphoneos;
				SWIFT_ACTIVE_COMPILATION_CONDITIONS = "DEBUG $(inherited)";
				SWIFT_OPTIMIZATION_LEVEL = "-Onone";
			};
			name = Debug;
		};
		1EF008E12B96E65400FC79B7 /* Release */ = {
			isa = XCBuildConfiguration;
			buildSettings = {
				ALWAYS_SEARCH_USER_PATHS = NO;
				ASSETCATALOG_COMPILER_GENERATE_SWIFT_ASSET_SYMBOL_EXTENSIONS = YES;
				CLANG_ANALYZER_NONNULL = YES;
				CLANG_ANALYZER_NUMBER_OBJECT_CONVERSION = YES_AGGRESSIVE;
				CLANG_CXX_LANGUAGE_STANDARD = "gnu++20";
				CLANG_ENABLE_MODULES = YES;
				CLANG_ENABLE_OBJC_ARC = YES;
				CLANG_ENABLE_OBJC_WEAK = YES;
				CLANG_WARN_BLOCK_CAPTURE_AUTORELEASING = YES;
				CLANG_WARN_BOOL_CONVERSION = YES;
				CLANG_WARN_COMMA = YES;
				CLANG_WARN_CONSTANT_CONVERSION = YES;
				CLANG_WARN_DEPRECATED_OBJC_IMPLEMENTATIONS = YES;
				CLANG_WARN_DIRECT_OBJC_ISA_USAGE = YES_ERROR;
				CLANG_WARN_DOCUMENTATION_COMMENTS = YES;
				CLANG_WARN_EMPTY_BODY = YES;
				CLANG_WARN_ENUM_CONVERSION = YES;
				CLANG_WARN_INFINITE_RECURSION = YES;
				CLANG_WARN_INT_CONVERSION = YES;
				CLANG_WARN_NON_LITERAL_NULL_CONVERSION = YES;
				CLANG_WARN_OBJC_IMPLICIT_RETAIN_SELF = YES;
				CLANG_WARN_OBJC_LITERAL_CONVERSION = YES;
				CLANG_WARN_OBJC_ROOT_CLASS = YES_ERROR;
				CLANG_WARN_QUOTED_INCLUDE_IN_FRAMEWORK_HEADER = YES;
				CLANG_WARN_RANGE_LOOP_ANALYSIS = YES;
				CLANG_WARN_STRICT_PROTOTYPES = YES;
				CLANG_WARN_SUSPICIOUS_MOVE = YES;
				CLANG_WARN_UNGUARDED_AVAILABILITY = YES_AGGRESSIVE;
				CLANG_WARN_UNREACHABLE_CODE = YES;
				CLANG_WARN__DUPLICATE_METHOD_MATCH = YES;
				COPY_PHASE_STRIP = NO;
				DEBUG_INFORMATION_FORMAT = "dwarf-with-dsym";
				ENABLE_NS_ASSERTIONS = NO;
				ENABLE_STRICT_OBJC_MSGSEND = YES;
				ENABLE_USER_SCRIPT_SANDBOXING = YES;
				GCC_C_LANGUAGE_STANDARD = gnu17;
				GCC_NO_COMMON_BLOCKS = YES;
				GCC_WARN_64_TO_32_BIT_CONVERSION = YES;
				GCC_WARN_ABOUT_RETURN_TYPE = YES_ERROR;
				GCC_WARN_UNDECLARED_SELECTOR = YES;
				GCC_WARN_UNINITIALIZED_AUTOS = YES_AGGRESSIVE;
				GCC_WARN_UNUSED_FUNCTION = YES;
				GCC_WARN_UNUSED_VARIABLE = YES;
				IPHONEOS_DEPLOYMENT_TARGET = 17.2;
				LOCALIZATION_PREFERS_STRING_CATALOGS = YES;
				MTL_ENABLE_DEBUG_INFO = NO;
				MTL_FAST_MATH = YES;
				SDKROOT = iphoneos;
				SWIFT_COMPILATION_MODE = wholemodule;
				VALIDATE_PRODUCT = YES;
			};
			name = Release;
		};
		1EF008E32B96E65400FC79B7 /* Debug */ = {
			isa = XCBuildConfiguration;
			buildSettings = {
				ASSETCATALOG_COMPILER_APPICON_NAME = AppIcon;
				ASSETCATALOG_COMPILER_GLOBAL_ACCENT_COLOR_NAME = AccentColor;
				CODE_SIGN_STYLE = Automatic;
				CURRENT_PROJECT_VERSION = 1;
				DEVELOPMENT_TEAM = RMWAG66842;
				GENERATE_INFOPLIST_FILE = YES;
				INFOPLIST_FILE = PostApp/Info.plist;
				INFOPLIST_KEY_UIApplicationSupportsIndirectInputEvents = YES;
				INFOPLIST_KEY_UILaunchStoryboardName = LaunchScreen;
				INFOPLIST_KEY_UIMainStoryboardFile = Main;
				INFOPLIST_KEY_UISupportedInterfaceOrientations_iPad = "UIInterfaceOrientationPortrait UIInterfaceOrientationPortraitUpsideDown UIInterfaceOrientationLandscapeLeft UIInterfaceOrientationLandscapeRight";
				INFOPLIST_KEY_UISupportedInterfaceOrientations_iPhone = "UIInterfaceOrientationPortrait UIInterfaceOrientationLandscapeLeft UIInterfaceOrientationLandscapeRight";
				LD_RUNPATH_SEARCH_PATHS = (
					"$(inherited)",
					"@executable_path/Frameworks",
				);
				MARKETING_VERSION = 1.0;
				PRODUCT_BUNDLE_IDENTIFIER = com.personal.PostApp;
				PRODUCT_NAME = "$(TARGET_NAME)";
				SWIFT_EMIT_LOC_STRINGS = YES;
				SWIFT_VERSION = 5.0;
				TARGETED_DEVICE_FAMILY = "1,2";
			};
			name = Debug;
		};
		1EF008E42B96E65400FC79B7 /* Release */ = {
			isa = XCBuildConfiguration;
			buildSettings = {
				ASSETCATALOG_COMPILER_APPICON_NAME = AppIcon;
				ASSETCATALOG_COMPILER_GLOBAL_ACCENT_COLOR_NAME = AccentColor;
				CODE_SIGN_STYLE = Automatic;
				CURRENT_PROJECT_VERSION = 1;
				DEVELOPMENT_TEAM = RMWAG66842;
				GENERATE_INFOPLIST_FILE = YES;
				INFOPLIST_FILE = PostApp/Info.plist;
				INFOPLIST_KEY_UIApplicationSupportsIndirectInputEvents = YES;
				INFOPLIST_KEY_UILaunchStoryboardName = LaunchScreen;
				INFOPLIST_KEY_UIMainStoryboardFile = Main;
				INFOPLIST_KEY_UISupportedInterfaceOrientations_iPad = "UIInterfaceOrientationPortrait UIInterfaceOrientationPortraitUpsideDown UIInterfaceOrientationLandscapeLeft UIInterfaceOrientationLandscapeRight";
				INFOPLIST_KEY_UISupportedInterfaceOrientations_iPhone = "UIInterfaceOrientationPortrait UIInterfaceOrientationLandscapeLeft UIInterfaceOrientationLandscapeRight";
				LD_RUNPATH_SEARCH_PATHS = (
					"$(inherited)",
					"@executable_path/Frameworks",
				);
				MARKETING_VERSION = 1.0;
				PRODUCT_BUNDLE_IDENTIFIER = com.personal.PostApp;
				PRODUCT_NAME = "$(TARGET_NAME)";
				SWIFT_EMIT_LOC_STRINGS = YES;
				SWIFT_VERSION = 5.0;
				TARGETED_DEVICE_FAMILY = "1,2";
			};
			name = Release;
		};
		1EF008E62B96E65400FC79B7 /* Debug */ = {
			isa = XCBuildConfiguration;
			buildSettings = {
				ALWAYS_EMBED_SWIFT_STANDARD_LIBRARIES = YES;
				BUNDLE_LOADER = "$(TEST_HOST)";
				CODE_SIGN_STYLE = Automatic;
				CURRENT_PROJECT_VERSION = 1;
				DEVELOPMENT_TEAM = RMWAG66842;
				GENERATE_INFOPLIST_FILE = YES;
				IPHONEOS_DEPLOYMENT_TARGET = 17.2;
				MARKETING_VERSION = 1.0;
				PRODUCT_BUNDLE_IDENTIFIER = com.personal.PostAppTests;
				PRODUCT_NAME = "$(TARGET_NAME)";
				SWIFT_EMIT_LOC_STRINGS = NO;
				SWIFT_VERSION = 5.0;
				TARGETED_DEVICE_FAMILY = "1,2";
				TEST_HOST = "$(BUILT_PRODUCTS_DIR)/PostApp.app/$(BUNDLE_EXECUTABLE_FOLDER_PATH)/PostApp";
			};
			name = Debug;
		};
		1EF008E72B96E65400FC79B7 /* Release */ = {
			isa = XCBuildConfiguration;
			buildSettings = {
				ALWAYS_EMBED_SWIFT_STANDARD_LIBRARIES = YES;
				BUNDLE_LOADER = "$(TEST_HOST)";
				CODE_SIGN_STYLE = Automatic;
				CURRENT_PROJECT_VERSION = 1;
				DEVELOPMENT_TEAM = RMWAG66842;
				GENERATE_INFOPLIST_FILE = YES;
				IPHONEOS_DEPLOYMENT_TARGET = 17.2;
				MARKETING_VERSION = 1.0;
				PRODUCT_BUNDLE_IDENTIFIER = com.personal.PostAppTests;
				PRODUCT_NAME = "$(TARGET_NAME)";
				SWIFT_EMIT_LOC_STRINGS = NO;
				SWIFT_VERSION = 5.0;
				TARGETED_DEVICE_FAMILY = "1,2";
				TEST_HOST = "$(BUILT_PRODUCTS_DIR)/PostApp.app/$(BUNDLE_EXECUTABLE_FOLDER_PATH)/PostApp";
			};
			name = Release;
		};
		1EF008E92B96E65400FC79B7 /* Debug */ = {
			isa = XCBuildConfiguration;
			buildSettings = {
				ALWAYS_EMBED_SWIFT_STANDARD_LIBRARIES = YES;
				CODE_SIGN_STYLE = Automatic;
				CURRENT_PROJECT_VERSION = 1;
				DEVELOPMENT_TEAM = RMWAG66842;
				GENERATE_INFOPLIST_FILE = YES;
				MARKETING_VERSION = 1.0;
				PRODUCT_BUNDLE_IDENTIFIER = com.personal.PostAppUITests;
				PRODUCT_NAME = "$(TARGET_NAME)";
				SWIFT_EMIT_LOC_STRINGS = NO;
				SWIFT_VERSION = 5.0;
				TARGETED_DEVICE_FAMILY = "1,2";
				TEST_TARGET_NAME = PostApp;
			};
			name = Debug;
		};
		1EF008EA2B96E65400FC79B7 /* Release */ = {
			isa = XCBuildConfiguration;
			buildSettings = {
				ALWAYS_EMBED_SWIFT_STANDARD_LIBRARIES = YES;
				CODE_SIGN_STYLE = Automatic;
				CURRENT_PROJECT_VERSION = 1;
				DEVELOPMENT_TEAM = RMWAG66842;
				GENERATE_INFOPLIST_FILE = YES;
				MARKETING_VERSION = 1.0;
				PRODUCT_BUNDLE_IDENTIFIER = com.personal.PostAppUITests;
				PRODUCT_NAME = "$(TARGET_NAME)";
				SWIFT_EMIT_LOC_STRINGS = NO;
				SWIFT_VERSION = 5.0;
				TARGETED_DEVICE_FAMILY = "1,2";
				TEST_TARGET_NAME = PostApp;
			};
			name = Release;
		};
/* End XCBuildConfiguration section */

/* Begin XCConfigurationList section */
		1EF008B32B96E65300FC79B7 /* Build configuration list for PBXProject "PostApp" */ = {
			isa = XCConfigurationList;
			buildConfigurations = (
				1EF008E02B96E65400FC79B7 /* Debug */,
				1EF008E12B96E65400FC79B7 /* Release */,
			);
			defaultConfigurationIsVisible = 0;
			defaultConfigurationName = Release;
		};
		1EF008E22B96E65400FC79B7 /* Build configuration list for PBXNativeTarget "PostApp" */ = {
			isa = XCConfigurationList;
			buildConfigurations = (
				1EF008E32B96E65400FC79B7 /* Debug */,
				1EF008E42B96E65400FC79B7 /* Release */,
			);
			defaultConfigurationIsVisible = 0;
			defaultConfigurationName = Release;
		};
		1EF008E52B96E65400FC79B7 /* Build configuration list for PBXNativeTarget "PostAppTests" */ = {
			isa = XCConfigurationList;
			buildConfigurations = (
				1EF008E62B96E65400FC79B7 /* Debug */,
				1EF008E72B96E65400FC79B7 /* Release */,
			);
			defaultConfigurationIsVisible = 0;
			defaultConfigurationName = Release;
		};
		1EF008E82B96E65400FC79B7 /* Build configuration list for PBXNativeTarget "PostAppUITests" */ = {
			isa = XCConfigurationList;
			buildConfigurations = (
				1EF008E92B96E65400FC79B7 /* Debug */,
				1EF008EA2B96E65400FC79B7 /* Release */,
			);
			defaultConfigurationIsVisible = 0;
			defaultConfigurationName = Release;
		};
/* End XCConfigurationList section */
	};
	rootObject = 1EF008B02B96E65300FC79B7 /* Project object */;
}
